<Solution>
  <Folder Name="/src/">
    <Project Path="src/PowerToysRun.PluginManager.App/PowerToysRun.PluginManager.App.csproj" />
    <Project Path="src/PowerToysRun.PluginManager.Core/PowerToysRun.PluginManager.Core.csproj" />
    <Project Path="src/PowerToysRun.PluginManager.RunPlugin/PowerToysRun.PluginManager.RunPlugin.csproj" />
    <Project Path="src/PowerToysRun.PluginManager.Updater/PowerToysRun.PluginManager.Updater.csproj" />
  </Folder>
  <Folder Name="/tests/">
    <Project Path="tests/PowerToysRun.PluginManager.Core.Tests/PowerToysRun.PluginManager.Core.Tests.csproj" />
  </Folder>
  <Folder Name="/tools/">
    <Project Path="tools/PowerToysRun.PluginManager.CatalogBuilder/PowerToysRun.PluginManager.CatalogBuilder.csproj" />
  </Folder>
</Solution>
